// !$*UTF8*$!
{
	archiveVersion = 1;
	classes = {
	};
	objectVersion = 56;
	objects = {

/* Begin PBXBuildFile section */
		8823F85B2A3EF9A8008E23F5 /* UIImageView+Extensions.swift in Sources */ = {isa = PBXBuildFile; fileRef = 8823F85A2A3EF9A8008E23F5 /* UIImageView+Extensions.swift */; };
		88660D912A3AFDE40029819C /* AppDelegate.swift in Sources */ = {isa = PBXBuildFile; fileRef = 88660D902A3AFDE40029819C /* AppDelegate.swift */; };
		88660D952A3AFDE40029819C /* MainViewController.swift in Sources */ = {isa = PBXBuildFile; fileRef = 88660D942A3AFDE40029819C /* MainViewController.swift */; };
		88660D9A2A3AFDE50029819C /* Assets.xcassets in Resources */ = {isa = PBXBuildFile; fileRef = 88660D992A3AFDE50029819C /* Assets.xcassets */; };
		88660DA82A3AFDE50029819C /* MovieDBTests.swift in Sources */ = {isa = PBXBuildFile; fileRef = 88660DA72A3AFDE50029819C /* MovieDBTests.swift */; };
		88660DB22A3AFDE50029819C /* MovieDBUITests.swift in Sources */ = {isa = PBXBuildFile; fileRef = 88660DB12A3AFDE50029819C /* MovieDBUITests.swift */; };
		88660DB42A3AFDE50029819C /* MovieDBUITestsLaunchTests.swift in Sources */ = {isa = PBXBuildFile; fileRef = 88660DB32A3AFDE50029819C /* MovieDBUITestsLaunchTests.swift */; };
		88D649C02A3AFFB20031AD55 /* MainCoordinator.swift in Sources */ = {isa = PBXBuildFile; fileRef = 88D649BF2A3AFFB20031AD55 /* MainCoordinator.swift */; };
		88D649CB2A3B0B750031AD55 /* MoviePosterCollectionViewCell.swift in Sources */ = {isa = PBXBuildFile; fileRef = 88D649CA2A3B0B750031AD55 /* MoviePosterCollectionViewCell.swift */; };
		88D649CE2A3B0D130031AD55 /* UIView+Builder.swift in Sources */ = {isa = PBXBuildFile; fileRef = 88D649CD2A3B0D130031AD55 /* UIView+Builder.swift */; };
		88D649D02A3B116E0031AD55 /* UIStackViewExtensions.swift in Sources */ = {isa = PBXBuildFile; fileRef = 88D649CF2A3B116E0031AD55 /* UIStackViewExtensions.swift */; };
		88D649D32A3B13F50031AD55 /* SnapKit in Frameworks */ = {isa = PBXBuildFile; productRef = 88D649D22A3B13F50031AD55 /* SnapKit */; };
		88D649D62A3B19700031AD55 /* MainCollectionView.swift in Sources */ = {isa = PBXBuildFile; fileRef = 88D649D52A3B19700031AD55 /* MainCollectionView.swift */; };
		88D649D82A3B1BFE0031AD55 /* MainCompositionalLayoutMaker.swift in Sources */ = {isa = PBXBuildFile; fileRef = 88D649D72A3B1BFE0031AD55 /* MainCompositionalLayoutMaker.swift */; };
		88D649DC2A3B1D9B0031AD55 /* MainCollcetionViewSections.swift in Sources */ = {isa = PBXBuildFile; fileRef = 88D649DB2A3B1D9B0031AD55 /* MainCollcetionViewSections.swift */; };
		88D649DE2A3B1FE00031AD55 /* UICollectionViewExtensions.swift in Sources */ = {isa = PBXBuildFile; fileRef = 88D649DD2A3B1FE00031AD55 /* UICollectionViewExtensions.swift */; };
		88D649E32A3B25910031AD55 /* Endpoints.swift in Sources */ = {isa = PBXBuildFile; fileRef = 88D649E22A3B25910031AD55 /* Endpoints.swift */; };
		88D649E82A3B2CB80031AD55 /* HTTPMethod.swift in Sources */ = {isa = PBXBuildFile; fileRef = 88D649E72A3B2CB80031AD55 /* HTTPMethod.swift */; };
		88D649F32A3B30280031AD55 /* NetworkManaging.swift in Sources */ = {isa = PBXBuildFile; fileRef = 88D649F22A3B30280031AD55 /* NetworkManaging.swift */; };
		88D649F52A3B30880031AD55 /* URLResponseStatus.swift in Sources */ = {isa = PBXBuildFile; fileRef = 88D649F42A3B30880031AD55 /* URLResponseStatus.swift */; };
		88D649FB2A3B3C220031AD55 /* NetworkManager.swift in Sources */ = {isa = PBXBuildFile; fileRef = 88D649FA2A3B3C220031AD55 /* NetworkManager.swift */; };
		88D649FD2A3B474B0031AD55 /* MovieModel.swift in Sources */ = {isa = PBXBuildFile; fileRef = 88D649FC2A3B474B0031AD55 /* MovieModel.swift */; };
		88D649FF2A3B478B0031AD55 /* MovieResponse.swift in Sources */ = {isa = PBXBuildFile; fileRef = 88D649FE2A3B478B0031AD55 /* MovieResponse.swift */; };
		88E4CB0D2A3C6C3900908D3C /* LaunchScreen.storyboard in Resources */ = {isa = PBXBuildFile; fileRef = 88E4CB0C2A3C6C3900908D3C /* LaunchScreen.storyboard */; };
		88E4CB102A3C6CE700908D3C /* MainViewModel.swift in Sources */ = {isa = PBXBuildFile; fileRef = 88E4CB0F2A3C6CE700908D3C /* MainViewModel.swift */; };
		88E4CB172A3C722200908D3C /* UIViewWithShadow.swift in Sources */ = {isa = PBXBuildFile; fileRef = 88E4CB162A3C722200908D3C /* UIViewWithShadow.swift */; };
		88E4CB192A3C726F00908D3C /* String+Extensions.swift in Sources */ = {isa = PBXBuildFile; fileRef = 88E4CB182A3C726F00908D3C /* String+Extensions.swift */; };
/* End PBXBuildFile section */

/* Begin PBXContainerItemProxy section */
		88660DA42A3AFDE50029819C /* PBXContainerItemProxy */ = {
			isa = PBXContainerItemProxy;
			containerPortal = 88660D852A3AFDE40029819C /* Project object */;
			proxyType = 1;
			remoteGlobalIDString = 88660D8C2A3AFDE40029819C;
			remoteInfo = MovieDB;
		};
		88660DAE2A3AFDE50029819C /* PBXContainerItemProxy */ = {
			isa = PBXContainerItemProxy;
			containerPortal = 88660D852A3AFDE40029819C /* Project object */;
			proxyType = 1;
			remoteGlobalIDString = 88660D8C2A3AFDE40029819C;
			remoteInfo = MovieDB;
		};
/* End PBXContainerItemProxy section */

/* Begin PBXFileReference section */
		8823F85A2A3EF9A8008E23F5 /* UIImageView+Extensions.swift */ = {isa = PBXFileReference; lastKnownFileType = sourcecode.swift; path = "UIImageView+Extensions.swift"; sourceTree = "<group>"; };
		88660D8D2A3AFDE40029819C /* MovieDB.app */ = {isa = PBXFileReference; explicitFileType = wrapper.application; includeInIndex = 0; path = MovieDB.app; sourceTree = BUILT_PRODUCTS_DIR; };
		88660D902A3AFDE40029819C /* AppDelegate.swift */ = {isa = PBXFileReference; lastKnownFileType = sourcecode.swift; path = AppDelegate.swift; sourceTree = "<group>"; };
		88660D942A3AFDE40029819C /* MainViewController.swift */ = {isa = PBXFileReference; lastKnownFileType = sourcecode.swift; path = MainViewController.swift; sourceTree = "<group>"; };
		88660D992A3AFDE50029819C /* Assets.xcassets */ = {isa = PBXFileReference; lastKnownFileType = folder.assetcatalog; path = Assets.xcassets; sourceTree = "<group>"; };
		88660D9E2A3AFDE50029819C /* Info.plist */ = {isa = PBXFileReference; lastKnownFileType = text.plist.xml; path = Info.plist; sourceTree = "<group>"; };
		88660DA32A3AFDE50029819C /* MovieDBTests.xctest */ = {isa = PBXFileReference; explicitFileType = wrapper.cfbundle; includeInIndex = 0; path = MovieDBTests.xctest; sourceTree = BUILT_PRODUCTS_DIR; };
		88660DA72A3AFDE50029819C /* MovieDBTests.swift */ = {isa = PBXFileReference; lastKnownFileType = sourcecode.swift; path = MovieDBTests.swift; sourceTree = "<group>"; };
		88660DAD2A3AFDE50029819C /* MovieDBUITests.xctest */ = {isa = PBXFileReference; explicitFileType = wrapper.cfbundle; includeInIndex = 0; path = MovieDBUITests.xctest; sourceTree = BUILT_PRODUCTS_DIR; };
		88660DB12A3AFDE50029819C /* MovieDBUITests.swift */ = {isa = PBXFileReference; lastKnownFileType = sourcecode.swift; path = MovieDBUITests.swift; sourceTree = "<group>"; };
		88660DB32A3AFDE50029819C /* MovieDBUITestsLaunchTests.swift */ = {isa = PBXFileReference; lastKnownFileType = sourcecode.swift; path = MovieDBUITestsLaunchTests.swift; sourceTree = "<group>"; };
		88D649BF2A3AFFB20031AD55 /* MainCoordinator.swift */ = {isa = PBXFileReference; lastKnownFileType = sourcecode.swift; path = MainCoordinator.swift; sourceTree = "<group>"; };
		88D649CA2A3B0B750031AD55 /* MoviePosterCollectionViewCell.swift */ = {isa = PBXFileReference; lastKnownFileType = sourcecode.swift; path = MoviePosterCollectionViewCell.swift; sourceTree = "<group>"; };
		88D649CD2A3B0D130031AD55 /* UIView+Builder.swift */ = {isa = PBXFileReference; lastKnownFileType = sourcecode.swift; path = "UIView+Builder.swift"; sourceTree = "<group>"; };
		88D649CF2A3B116E0031AD55 /* UIStackViewExtensions.swift */ = {isa = PBXFileReference; lastKnownFileType = sourcecode.swift; path = UIStackViewExtensions.swift; sourceTree = "<group>"; };
		88D649D52A3B19700031AD55 /* MainCollectionView.swift */ = {isa = PBXFileReference; lastKnownFileType = sourcecode.swift; path = MainCollectionView.swift; sourceTree = "<group>"; };
		88D649D72A3B1BFE0031AD55 /* MainCompositionalLayoutMaker.swift */ = {isa = PBXFileReference; lastKnownFileType = sourcecode.swift; path = MainCompositionalLayoutMaker.swift; sourceTree = "<group>"; };
		88D649DB2A3B1D9B0031AD55 /* MainCollcetionViewSections.swift */ = {isa = PBXFileReference; lastKnownFileType = sourcecode.swift; path = MainCollcetionViewSections.swift; sourceTree = "<group>"; };
		88D649DD2A3B1FE00031AD55 /* UICollectionViewExtensions.swift */ = {isa = PBXFileReference; lastKnownFileType = sourcecode.swift; path = UICollectionViewExtensions.swift; sourceTree = "<group>"; };
		88D649E22A3B25910031AD55 /* Endpoints.swift */ = {isa = PBXFileReference; lastKnownFileType = sourcecode.swift; path = Endpoints.swift; sourceTree = "<group>"; };
		88D649E72A3B2CB80031AD55 /* HTTPMethod.swift */ = {isa = PBXFileReference; lastKnownFileType = sourcecode.swift; path = HTTPMethod.swift; sourceTree = "<group>"; };
		88D649F22A3B30280031AD55 /* NetworkManaging.swift */ = {isa = PBXFileReference; lastKnownFileType = sourcecode.swift; path = NetworkManaging.swift; sourceTree = "<group>"; };
		88D649F42A3B30880031AD55 /* URLResponseStatus.swift */ = {isa = PBXFileReference; lastKnownFileType = sourcecode.swift; path = URLResponseStatus.swift; sourceTree = "<group>"; };
		88D649FA2A3B3C220031AD55 /* NetworkManager.swift */ = {isa = PBXFileReference; lastKnownFileType = sourcecode.swift; path = NetworkManager.swift; sourceTree = "<group>"; };
		88D649FC2A3B474B0031AD55 /* MovieModel.swift */ = {isa = PBXFileReference; lastKnownFileType = sourcecode.swift; path = MovieModel.swift; sourceTree = "<group>"; };
		88D649FE2A3B478B0031AD55 /* MovieResponse.swift */ = {isa = PBXFileReference; lastKnownFileType = sourcecode.swift; path = MovieResponse.swift; sourceTree = "<group>"; };
		88E4CB0C2A3C6C3900908D3C /* LaunchScreen.storyboard */ = {isa = PBXFileReference; fileEncoding = 4; lastKnownFileType = file.storyboard; name = LaunchScreen.storyboard; path = ../../../../../.Trash/LaunchScreen.storyboard; sourceTree = "<group>"; };
		88E4CB0F2A3C6CE700908D3C /* MainViewModel.swift */ = {isa = PBXFileReference; lastKnownFileType = sourcecode.swift; path = MainViewModel.swift; sourceTree = "<group>"; };
		88E4CB162A3C722200908D3C /* UIViewWithShadow.swift */ = {isa = PBXFileReference; lastKnownFileType = sourcecode.swift; path = UIViewWithShadow.swift; sourceTree = "<group>"; };
		88E4CB182A3C726F00908D3C /* String+Extensions.swift */ = {isa = PBXFileReference; lastKnownFileType = sourcecode.swift; path = "String+Extensions.swift"; sourceTree = "<group>"; };
/* End PBXFileReference section */

/* Begin PBXFrameworksBuildPhase section */
		88660D8A2A3AFDE40029819C /* Frameworks */ = {
			isa = PBXFrameworksBuildPhase;
			buildActionMask = 2147483647;
			files = (
				88D649D32A3B13F50031AD55 /* SnapKit in Frameworks */,
			);
			runOnlyForDeploymentPostprocessing = 0;
		};
		88660DA02A3AFDE50029819C /* Frameworks */ = {
			isa = PBXFrameworksBuildPhase;
			buildActionMask = 2147483647;
			files = (
			);
			runOnlyForDeploymentPostprocessing = 0;
		};
		88660DAA2A3AFDE50029819C /* Frameworks */ = {
			isa = PBXFrameworksBuildPhase;
			buildActionMask = 2147483647;
			files = (
			);
			runOnlyForDeploymentPostprocessing = 0;
		};
/* End PBXFrameworksBuildPhase section */

/* Begin PBXGroup section */
		88660D842A3AFDE40029819C = {
			isa = PBXGroup;
			children = (
				88660D8F2A3AFDE40029819C /* MovieDB */,
				88660DA62A3AFDE50029819C /* MovieDBTests */,
				88660DB02A3AFDE50029819C /* MovieDBUITests */,
				88660D8E2A3AFDE40029819C /* Products */,
			);
			sourceTree = "<group>";
		};
		88660D8E2A3AFDE40029819C /* Products */ = {
			isa = PBXGroup;
			children = (
				88660D8D2A3AFDE40029819C /* MovieDB.app */,
				88660DA32A3AFDE50029819C /* MovieDBTests.xctest */,
				88660DAD2A3AFDE50029819C /* MovieDBUITests.xctest */,
			);
			name = Products;
			sourceTree = "<group>";
		};
		88660D8F2A3AFDE40029819C /* MovieDB */ = {
			isa = PBXGroup;
			children = (
				88660D902A3AFDE40029819C /* AppDelegate.swift */,
				88D649C82A3B0AF20031AD55 /* Common */,
				88D649CC2A3B0D020031AD55 /* Extensions */,
				88D649BE2A3AFF900031AD55 /* Helpers */,
				88660D9E2A3AFDE50029819C /* Info.plist */,
				88D649DF2A3B23770031AD55 /* Models */,
				88D649BD2A3AFF120031AD55 /* Modules */,
				88D649E02A3B250B0031AD55 /* Network */,
				88D649C72A3B0AD40031AD55 /* Resources */,
			);
			path = MovieDB;
			sourceTree = "<group>";
		};
		88660DA62A3AFDE50029819C /* MovieDBTests */ = {
			isa = PBXGroup;
			children = (
				88660DA72A3AFDE50029819C /* MovieDBTests.swift */,
			);
			path = MovieDBTests;
			sourceTree = "<group>";
		};
		88660DB02A3AFDE50029819C /* MovieDBUITests */ = {
			isa = PBXGroup;
			children = (
				88660DB12A3AFDE50029819C /* MovieDBUITests.swift */,
				88660DB32A3AFDE50029819C /* MovieDBUITestsLaunchTests.swift */,
			);
			path = MovieDBUITests;
			sourceTree = "<group>";
		};
		88D649BD2A3AFF120031AD55 /* Modules */ = {
			isa = PBXGroup;
			children = (
				88D649C12A3B007B0031AD55 /* Main */,
			);
			path = Modules;
			sourceTree = "<group>";
		};
		88D649BE2A3AFF900031AD55 /* Helpers */ = {
			isa = PBXGroup;
			children = (
				88D649BF2A3AFFB20031AD55 /* MainCoordinator.swift */,
			);
			path = Helpers;
			sourceTree = "<group>";
		};
		88D649C12A3B007B0031AD55 /* Main */ = {
			isa = PBXGroup;
			children = (
				88660D942A3AFDE40029819C /* MainViewController.swift */,
				88E4CB0F2A3C6CE700908D3C /* MainViewModel.swift */,
				88D649D42A3B194F0031AD55 /* View */,
			);
			path = Main;
			sourceTree = "<group>";
		};
		88D649C72A3B0AD40031AD55 /* Resources */ = {
			isa = PBXGroup;
			children = (
				88E4CB0C2A3C6C3900908D3C /* LaunchScreen.storyboard */,
				88660D992A3AFDE50029819C /* Assets.xcassets */,
			);
			path = Resources;
			sourceTree = "<group>";
		};
		88D649C82A3B0AF20031AD55 /* Common */ = {
			isa = PBXGroup;
			children = (
				88D649C92A3B0AF70031AD55 /* Views */,
			);
			path = Common;
			sourceTree = "<group>";
		};
		88D649C92A3B0AF70031AD55 /* Views */ = {
			isa = PBXGroup;
			children = (
				88E4CB162A3C722200908D3C /* UIViewWithShadow.swift */,
			);
			path = Views;
			sourceTree = "<group>";
		};
		88D649CC2A3B0D020031AD55 /* Extensions */ = {
			isa = PBXGroup;
			children = (
				88D649CD2A3B0D130031AD55 /* UIView+Builder.swift */,
				88D649CF2A3B116E0031AD55 /* UIStackViewExtensions.swift */,
				88D649DD2A3B1FE00031AD55 /* UICollectionViewExtensions.swift */,
				88E4CB182A3C726F00908D3C /* String+Extensions.swift */,
				8823F85A2A3EF9A8008E23F5 /* UIImageView+Extensions.swift */,
			);
			path = Extensions;
			sourceTree = "<group>";
		};
		88D649D42A3B194F0031AD55 /* View */ = {
			isa = PBXGroup;
			children = (
				88D649D92A3B1D4F0031AD55 /* CollectionView */,
			);
			path = View;
			sourceTree = "<group>";
		};
		88D649D92A3B1D4F0031AD55 /* CollectionView */ = {
			isa = PBXGroup;
			children = (
				88D649DA2A3B1D6C0031AD55 /* Enums */,
				88D649D52A3B19700031AD55 /* MainCollectionView.swift */,
				88D649D72A3B1BFE0031AD55 /* MainCompositionalLayoutMaker.swift */,
				88D649CA2A3B0B750031AD55 /* MoviePosterCollectionViewCell.swift */,
			);
			path = CollectionView;
			sourceTree = "<group>";
		};
		88D649DA2A3B1D6C0031AD55 /* Enums */ = {
			isa = PBXGroup;
			children = (
				88D649DB2A3B1D9B0031AD55 /* MainCollcetionViewSections.swift */,
			);
			path = Enums;
			sourceTree = "<group>";
		};
		88D649DF2A3B23770031AD55 /* Models */ = {
			isa = PBXGroup;
			children = (
				88D649FC2A3B474B0031AD55 /* MovieModel.swift */,
				88D649FE2A3B478B0031AD55 /* MovieResponse.swift */,
			);
			path = Models;
			sourceTree = "<group>";
		};
		88D649E02A3B250B0031AD55 /* Network */ = {
			isa = PBXGroup;
			children = (
				88D649E22A3B25910031AD55 /* Endpoints.swift */,
				88D649E62A3B2CA30031AD55 /* Models */,
				88D649FA2A3B3C220031AD55 /* NetworkManager.swift */,
				88D649E92A3B2CE20031AD55 /* Protocols */,
			);
			path = Network;
			sourceTree = "<group>";
		};
		88D649E62A3B2CA30031AD55 /* Models */ = {
			isa = PBXGroup;
			children = (
				88D649E72A3B2CB80031AD55 /* HTTPMethod.swift */,
				88D649F42A3B30880031AD55 /* URLResponseStatus.swift */,
			);
			path = Models;
			sourceTree = "<group>";
		};
		88D649E92A3B2CE20031AD55 /* Protocols */ = {
			isa = PBXGroup;
			children = (
				88D649F22A3B30280031AD55 /* NetworkManaging.swift */,
			);
			path = Protocols;
			sourceTree = "<group>";
		};
/* End PBXGroup section */

/* Begin PBXNativeTarget section */
		88660D8C2A3AFDE40029819C /* MovieDB */ = {
			isa = PBXNativeTarget;
			buildConfigurationList = 88660DB72A3AFDE50029819C /* Build configuration list for PBXNativeTarget "MovieDB" */;
			buildPhases = (
				88660D892A3AFDE40029819C /* Sources */,
				88660D8A2A3AFDE40029819C /* Frameworks */,
				88660D8B2A3AFDE40029819C /* Resources */,
			);
			buildRules = (
			);
			dependencies = (
			);
			name = MovieDB;
			packageProductDependencies = (
				88D649D22A3B13F50031AD55 /* SnapKit */,
			);
			productName = MovieDB;
			productReference = 88660D8D2A3AFDE40029819C /* MovieDB.app */;
			productType = "com.apple.product-type.application";
		};
		88660DA22A3AFDE50029819C /* MovieDBTests */ = {
			isa = PBXNativeTarget;
			buildConfigurationList = 88660DBA2A3AFDE50029819C /* Build configuration list for PBXNativeTarget "MovieDBTests" */;
			buildPhases = (
				88660D9F2A3AFDE50029819C /* Sources */,
				88660DA02A3AFDE50029819C /* Frameworks */,
				88660DA12A3AFDE50029819C /* Resources */,
			);
			buildRules = (
			);
			dependencies = (
				88660DA52A3AFDE50029819C /* PBXTargetDependency */,
			);
			name = MovieDBTests;
			productName = MovieDBTests;
			productReference = 88660DA32A3AFDE50029819C /* MovieDBTests.xctest */;
			productType = "com.apple.product-type.bundle.unit-test";
		};
		88660DAC2A3AFDE50029819C /* MovieDBUITests */ = {
			isa = PBXNativeTarget;
			buildConfigurationList = 88660DBD2A3AFDE50029819C /* Build configuration list for PBXNativeTarget "MovieDBUITests" */;
			buildPhases = (
				88660DA92A3AFDE50029819C /* Sources */,
				88660DAA2A3AFDE50029819C /* Frameworks */,
				88660DAB2A3AFDE50029819C /* Resources */,
			);
			buildRules = (
			);
			dependencies = (
				88660DAF2A3AFDE50029819C /* PBXTargetDependency */,
			);
			name = MovieDBUITests;
			productName = MovieDBUITests;
			productReference = 88660DAD2A3AFDE50029819C /* MovieDBUITests.xctest */;
			productType = "com.apple.product-type.bundle.ui-testing";
		};
/* End PBXNativeTarget section */

/* Begin PBXProject section */
		88660D852A3AFDE40029819C /* Project object */ = {
			isa = PBXProject;
			attributes = {
				BuildIndependentTargetsInParallel = 1;
				LastSwiftUpdateCheck = 1430;
				LastUpgradeCheck = 1430;
				TargetAttributes = {
					88660D8C2A3AFDE40029819C = {
						CreatedOnToolsVersion = 14.3;
					};
					88660DA22A3AFDE50029819C = {
						CreatedOnToolsVersion = 14.3;
						TestTargetID = 88660D8C2A3AFDE40029819C;
					};
					88660DAC2A3AFDE50029819C = {
						CreatedOnToolsVersion = 14.3;
						TestTargetID = 88660D8C2A3AFDE40029819C;
					};
				};
			};
			buildConfigurationList = 88660D882A3AFDE40029819C /* Build configuration list for PBXProject "MovieDB" */;
			compatibilityVersion = "Xcode 14.0";
			developmentRegion = en;
			hasScannedForEncodings = 0;
			knownRegions = (
				en,
				Base,
			);
			mainGroup = 88660D842A3AFDE40029819C;
			packageReferences = (
				88D649D12A3B13F50031AD55 /* XCRemoteSwiftPackageReference "SnapKit" */,
			);
			productRefGroup = 88660D8E2A3AFDE40029819C /* Products */;
			projectDirPath = "";
			projectRoot = "";
			targets = (
				88660D8C2A3AFDE40029819C /* MovieDB */,
				88660DA22A3AFDE50029819C /* MovieDBTests */,
				88660DAC2A3AFDE50029819C /* MovieDBUITests */,
			);
		};
/* End PBXProject section */

/* Begin PBXResourcesBuildPhase section */
		88660D8B2A3AFDE40029819C /* Resources */ = {
			isa = PBXResourcesBuildPhase;
			buildActionMask = 2147483647;
			files = (
				88660D9A2A3AFDE50029819C /* Assets.xcassets in Resources */,
				88E4CB0D2A3C6C3900908D3C /* LaunchScreen.storyboard in Resources */,
			);
			runOnlyForDeploymentPostprocessing = 0;
		};
		88660DA12A3AFDE50029819C /* Resources */ = {
			isa = PBXResourcesBuildPhase;
			buildActionMask = 2147483647;
			files = (
			);
			runOnlyForDeploymentPostprocessing = 0;
		};
		88660DAB2A3AFDE50029819C /* Resources */ = {
			isa = PBXResourcesBuildPhase;
			buildActionMask = 2147483647;
			files = (
			);
			runOnlyForDeploymentPostprocessing = 0;
		};
/* End PBXResourcesBuildPhase section */

/* Begin PBXSourcesBuildPhase section */
		88660D892A3AFDE40029819C /* Sources */ = {
			isa = PBXSourcesBuildPhase;
			buildActionMask = 2147483647;
			files = (
				88D649FB2A3B3C220031AD55 /* NetworkManager.swift in Sources */,
				88D649DE2A3B1FE00031AD55 /* UICollectionViewExtensions.swift in Sources */,
				8823F85B2A3EF9A8008E23F5 /* UIImageView+Extensions.swift in Sources */,
				88D649D62A3B19700031AD55 /* MainCollectionView.swift in Sources */,
				88D649C02A3AFFB20031AD55 /* MainCoordinator.swift in Sources */,
				88660D952A3AFDE40029819C /* MainViewController.swift in Sources */,
				88E4CB172A3C722200908D3C /* UIViewWithShadow.swift in Sources */,
				88D649DC2A3B1D9B0031AD55 /* MainCollcetionViewSections.swift in Sources */,
				88D649D82A3B1BFE0031AD55 /* MainCompositionalLayoutMaker.swift in Sources */,
				88D649CB2A3B0B750031AD55 /* MoviePosterCollectionViewCell.swift in Sources */,
				88D649F32A3B30280031AD55 /* NetworkManaging.swift in Sources */,
				88D649F52A3B30880031AD55 /* URLResponseStatus.swift in Sources */,
				88660D912A3AFDE40029819C /* AppDelegate.swift in Sources */,
				88E4CB192A3C726F00908D3C /* String+Extensions.swift in Sources */,
				88D649CE2A3B0D130031AD55 /* UIView+Builder.swift in Sources */,
				88D649FD2A3B474B0031AD55 /* MovieModel.swift in Sources */,
				88D649FF2A3B478B0031AD55 /* MovieResponse.swift in Sources */,
				88D649E82A3B2CB80031AD55 /* HTTPMethod.swift in Sources */,
				88D649D02A3B116E0031AD55 /* UIStackViewExtensions.swift in Sources */,
				88D649E32A3B25910031AD55 /* Endpoints.swift in Sources */,
				88E4CB102A3C6CE700908D3C /* MainViewModel.swift in Sources */,
			);
			runOnlyForDeploymentPostprocessing = 0;
		};
		88660D9F2A3AFDE50029819C /* Sources */ = {
			isa = PBXSourcesBuildPhase;
			buildActionMask = 2147483647;
			files = (
				88660DA82A3AFDE50029819C /* MovieDBTests.swift in Sources */,
			);
			runOnlyForDeploymentPostprocessing = 0;
		};
		88660DA92A3AFDE50029819C /* Sources */ = {
			isa = PBXSourcesBuildPhase;
			buildActionMask = 2147483647;
			files = (
				88660DB22A3AFDE50029819C /* MovieDBUITests.swift in Sources */,
				88660DB42A3AFDE50029819C /* MovieDBUITestsLaunchTests.swift in Sources */,
			);
			runOnlyForDeploymentPostprocessing = 0;
		};
/* End PBXSourcesBuildPhase section */

/* Begin PBXTargetDependency section */
		88660DA52A3AFDE50029819C /* PBXTargetDependency */ = {
			isa = PBXTargetDependency;
			target = 88660D8C2A3AFDE40029819C /* MovieDB */;
			targetProxy = 88660DA42A3AFDE50029819C /* PBXContainerItemProxy */;
		};
		88660DAF2A3AFDE50029819C /* PBXTargetDependency */ = {
			isa = PBXTargetDependency;
			target = 88660D8C2A3AFDE40029819C /* MovieDB */;
			targetProxy = 88660DAE2A3AFDE50029819C /* PBXContainerItemProxy */;
		};
/* End PBXTargetDependency section */

/* Begin XCBuildConfiguration section */
		88660DB52A3AFDE50029819C /* Debug */ = {
			isa = XCBuildConfiguration;
			buildSettings = {
				ALWAYS_SEARCH_USER_PATHS = NO;
				CLANG_ANALYZER_NONNULL = YES;
				CLANG_ANALYZER_NUMBER_OBJECT_CONVERSION = YES_AGGRESSIVE;
				CLANG_CXX_LANGUAGE_STANDARD = "gnu++20";
				CLANG_ENABLE_MODULES = YES;
				CLANG_ENABLE_OBJC_ARC = YES;
				CLANG_ENABLE_OBJC_WEAK = YES;
				CLANG_WARN_BLOCK_CAPTURE_AUTORELEASING = YES;
				CLANG_WARN_BOOL_CONVERSION = YES;
				CLANG_WARN_COMMA = YES;
				CLANG_WARN_CONSTANT_CONVERSION = YES;
				CLANG_WARN_DEPRECATED_OBJC_IMPLEMENTATIONS = YES;
				CLANG_WARN_DIRECT_OBJC_ISA_USAGE = YES_ERROR;
				CLANG_WARN_DOCUMENTATION_COMMENTS = YES;
				CLANG_WARN_EMPTY_BODY = YES;
				CLANG_WARN_ENUM_CONVERSION = YES;
				CLANG_WARN_INFINITE_RECURSION = YES;
				CLANG_WARN_INT_CONVERSION = YES;
				CLANG_WARN_NON_LITERAL_NULL_CONVERSION = YES;
				CLANG_WARN_OBJC_IMPLICIT_RETAIN_SELF = YES;
				CLANG_WARN_OBJC_LITERAL_CONVERSION = YES;
				CLANG_WARN_OBJC_ROOT_CLASS = YES_ERROR;
				CLANG_WARN_QUOTED_INCLUDE_IN_FRAMEWORK_HEADER = YES;
				CLANG_WARN_RANGE_LOOP_ANALYSIS = YES;
				CLANG_WARN_STRICT_PROTOTYPES = YES;
				CLANG_WARN_SUSPICIOUS_MOVE = YES;
				CLANG_WARN_UNGUARDED_AVAILABILITY = YES_AGGRESSIVE;
				CLANG_WARN_UNREACHABLE_CODE = YES;
				CLANG_WARN__DUPLICATE_METHOD_MATCH = YES;
				COPY_PHASE_STRIP = NO;
				DEBUG_INFORMATION_FORMAT = dwarf;
				ENABLE_STRICT_OBJC_MSGSEND = YES;
				ENABLE_TESTABILITY = YES;
				GCC_C_LANGUAGE_STANDARD = gnu11;
				GCC_DYNAMIC_NO_PIC = NO;
				GCC_NO_COMMON_BLOCKS = YES;
				GCC_OPTIMIZATION_LEVEL = 0;
				GCC_PREPROCESSOR_DEFINITIONS = (
					"DEBUG=1",
					"$(inherited)",
				);
				GCC_WARN_64_TO_32_BIT_CONVERSION = YES;
				GCC_WARN_ABOUT_RETURN_TYPE = YES_ERROR;
				GCC_WARN_UNDECLARED_SELECTOR = YES;
				GCC_WARN_UNINITIALIZED_AUTOS = YES_AGGRESSIVE;
				GCC_WARN_UNUSED_FUNCTION = YES;
				GCC_WARN_UNUSED_VARIABLE = YES;
				IPHONEOS_DEPLOYMENT_TARGET = 16.4;
				MTL_ENABLE_DEBUG_INFO = INCLUDE_SOURCE;
				MTL_FAST_MATH = YES;
				ONLY_ACTIVE_ARCH = YES;
				SDKROOT = iphoneos;
				SWIFT_ACTIVE_COMPILATION_CONDITIONS = DEBUG;
				SWIFT_OPTIMIZATION_LEVEL = "-Onone";
			};
			name = Debug;
		};
		88660DB62A3AFDE50029819C /* Release */ = {
			isa = XCBuildConfiguration;
			buildSettings = {
				ALWAYS_SEARCH_USER_PATHS = NO;
				CLANG_ANALYZER_NONNULL = YES;
				CLANG_ANALYZER_NUMBER_OBJECT_CONVERSION = YES_AGGRESSIVE;
				CLANG_CXX_LANGUAGE_STANDARD = "gnu++20";
				CLANG_ENABLE_MODULES = YES;
				CLANG_ENABLE_OBJC_ARC = YES;
				CLANG_ENABLE_OBJC_WEAK = YES;
				CLANG_WARN_BLOCK_CAPTURE_AUTORELEASING = YES;
				CLANG_WARN_BOOL_CONVERSION = YES;
				CLANG_WARN_COMMA = YES;
				CLANG_WARN_CONSTANT_CONVERSION = YES;
				CLANG_WARN_DEPRECATED_OBJC_IMPLEMENTATIONS = YES;
				CLANG_WARN_DIRECT_OBJC_ISA_USAGE = YES_ERROR;
				CLANG_WARN_DOCUMENTATION_COMMENTS = YES;
				CLANG_WARN_EMPTY_BODY = YES;
				CLANG_WARN_ENUM_CONVERSION = YES;
				CLANG_WARN_INFINITE_RECURSION = YES;
				CLANG_WARN_INT_CONVERSION = YES;
				CLANG_WARN_NON_LITERAL_NULL_CONVERSION = YES;
				CLANG_WARN_OBJC_IMPLICIT_RETAIN_SELF = YES;
				CLANG_WARN_OBJC_LITERAL_CONVERSION = YES;
				CLANG_WARN_OBJC_ROOT_CLASS = YES_ERROR;
				CLANG_WARN_QUOTED_INCLUDE_IN_FRAMEWORK_HEADER = YES;
				CLANG_WARN_RANGE_LOOP_ANALYSIS = YES;
				CLANG_WARN_STRICT_PROTOTYPES = YES;
				CLANG_WARN_SUSPICIOUS_MOVE = YES;
				CLANG_WARN_UNGUARDED_AVAILABILITY = YES_AGGRESSIVE;
				CLANG_WARN_UNREACHABLE_CODE = YES;
				CLANG_WARN__DUPLICATE_METHOD_MATCH = YES;
				COPY_PHASE_STRIP = NO;
				DEBUG_INFORMATION_FORMAT = "dwarf-with-dsym";
				ENABLE_NS_ASSERTIONS = NO;
				ENABLE_STRICT_OBJC_MSGSEND = YES;
				GCC_C_LANGUAGE_STANDARD = gnu11;
				GCC_NO_COMMON_BLOCKS = YES;
				GCC_WARN_64_TO_32_BIT_CONVERSION = YES;
				GCC_WARN_ABOUT_RETURN_TYPE = YES_ERROR;
				GCC_WARN_UNDECLARED_SELECTOR = YES;
				GCC_WARN_UNINITIALIZED_AUTOS = YES_AGGRESSIVE;
				GCC_WARN_UNUSED_FUNCTION = YES;
				GCC_WARN_UNUSED_VARIABLE = YES;
				IPHONEOS_DEPLOYMENT_TARGET = 16.4;
				MTL_ENABLE_DEBUG_INFO = NO;
				MTL_FAST_MATH = YES;
				SDKROOT = iphoneos;
				SWIFT_COMPILATION_MODE = wholemodule;
				SWIFT_OPTIMIZATION_LEVEL = "-O";
				VALIDATE_PRODUCT = YES;
			};
			name = Release;
		};
		88660DB82A3AFDE50029819C /* Debug */ = {
			isa = XCBuildConfiguration;
			buildSettings = {
				ASSETCATALOG_COMPILER_APPICON_NAME = AppIcon;
				ASSETCATALOG_COMPILER_GLOBAL_ACCENT_COLOR_NAME = AccentColor;
				ASSETCATALOG_COMPILER_INCLUDE_ALL_APPICON_ASSETS = YES;
				CODE_SIGN_STYLE = Automatic;
				CURRENT_PROJECT_VERSION = 1;
				DEVELOPMENT_TEAM = 8679UHV3QL;
				GENERATE_INFOPLIST_FILE = YES;
				INFOPLIST_FILE = MovieDB/Info.plist;
				INFOPLIST_KEY_UIApplicationSupportsIndirectInputEvents = YES;
				INFOPLIST_KEY_UILaunchStoryboardName = LaunchScreen.storyboard;
				INFOPLIST_KEY_UIStatusBarStyle = "";
				INFOPLIST_KEY_UISupportedInterfaceOrientations = UIInterfaceOrientationPortrait;
				LD_RUNPATH_SEARCH_PATHS = (
					"$(inherited)",
					"@executable_path/Frameworks",
				);
				MARKETING_VERSION = 1.0;
				PRODUCT_BUNDLE_IDENTIFIER = ilaydaKodal.com.MovieDB;
				PRODUCT_NAME = "$(TARGET_NAME)";
				SUPPORTED_PLATFORMS = "iphoneos iphonesimulator";
				SUPPORTS_MACCATALYST = NO;
				SUPPORTS_MAC_DESIGNED_FOR_IPHONE_IPAD = NO;
				SWIFT_EMIT_LOC_STRINGS = YES;
				SWIFT_VERSION = 5.0;
				TARGETED_DEVICE_FAMILY = "1,2";
			};
			name = Debug;
		};
		88660DB92A3AFDE50029819C /* Release */ = {
			isa = XCBuildConfiguration;
			buildSettings = {
				ASSETCATALOG_COMPILER_APPICON_NAME = AppIcon;
				ASSETCATALOG_COMPILER_GLOBAL_ACCENT_COLOR_NAME = AccentColor;
				ASSETCATALOG_COMPILER_INCLUDE_ALL_APPICON_ASSETS = YES;
				CODE_SIGN_STYLE = Automatic;
				CURRENT_PROJECT_VERSION = 1;
				DEVELOPMENT_TEAM = 8679UHV3QL;
				GENERATE_INFOPLIST_FILE = YES;
				INFOPLIST_FILE = MovieDB/Info.plist;
				INFOPLIST_KEY_UIApplicationSupportsIndirectInputEvents = YES;
				INFOPLIST_KEY_UILaunchStoryboardName = LaunchScreen.storyboard;
				INFOPLIST_KEY_UIStatusBarStyle = "";
				INFOPLIST_KEY_UISupportedInterfaceOrientations = UIInterfaceOrientationPortrait;
				LD_RUNPATH_SEARCH_PATHS = (
					"$(inherited)",
					"@executable_path/Frameworks",
				);
				MARKETING_VERSION = 1.0;
				PRODUCT_BUNDLE_IDENTIFIER = ilaydaKodal.com.MovieDB;
				PRODUCT_NAME = "$(TARGET_NAME)";
				SUPPORTED_PLATFORMS = "iphoneos iphonesimulator";
				SUPPORTS_MACCATALYST = NO;
				SUPPORTS_MAC_DESIGNED_FOR_IPHONE_IPAD = NO;
				SWIFT_EMIT_LOC_STRINGS = YES;
				SWIFT_VERSION = 5.0;
				TARGETED_DEVICE_FAMILY = "1,2";
			};
			name = Release;
		};
		88660DBB2A3AFDE50029819C /* Debug */ = {
			isa = XCBuildConfiguration;
			buildSettings = {
				ALWAYS_EMBED_SWIFT_STANDARD_LIBRARIES = YES;
				BUNDLE_LOADER = "$(TEST_HOST)";
				CODE_SIGN_STYLE = Automatic;
				CURRENT_PROJECT_VERSION = 1;
				DEVELOPMENT_TEAM = 8679UHV3QL;
				GENERATE_INFOPLIST_FILE = YES;
				IPHONEOS_DEPLOYMENT_TARGET = 16.4;
				MARKETING_VERSION = 1.0;
				PRODUCT_BUNDLE_IDENTIFIER = ilaydaKodal.com.MovieDBTests;
				PRODUCT_NAME = "$(TARGET_NAME)";
				SWIFT_EMIT_LOC_STRINGS = NO;
				SWIFT_VERSION = 5.0;
				TARGETED_DEVICE_FAMILY = "1,2";
				TEST_HOST = "$(BUILT_PRODUCTS_DIR)/MovieDB.app/$(BUNDLE_EXECUTABLE_FOLDER_PATH)/MovieDB";
			};
			name = Debug;
		};
		88660DBC2A3AFDE50029819C /* Release */ = {
			isa = XCBuildConfiguration;
			buildSettings = {
				ALWAYS_EMBED_SWIFT_STANDARD_LIBRARIES = YES;
				BUNDLE_LOADER = "$(TEST_HOST)";
				CODE_SIGN_STYLE = Automatic;
				CURRENT_PROJECT_VERSION = 1;
				DEVELOPMENT_TEAM = 8679UHV3QL;
				GENERATE_INFOPLIST_FILE = YES;
				IPHONEOS_DEPLOYMENT_TARGET = 16.4;
				MARKETING_VERSION = 1.0;
				PRODUCT_BUNDLE_IDENTIFIER = ilaydaKodal.com.MovieDBTests;
				PRODUCT_NAME = "$(TARGET_NAME)";
				SWIFT_EMIT_LOC_STRINGS = NO;
				SWIFT_VERSION = 5.0;
				TARGETED_DEVICE_FAMILY = "1,2";
				TEST_HOST = "$(BUILT_PRODUCTS_DIR)/MovieDB.app/$(BUNDLE_EXECUTABLE_FOLDER_PATH)/MovieDB";
			};
			name = Release;
		};
		88660DBE2A3AFDE50029819C /* Debug */ = {
			isa = XCBuildConfiguration;
			buildSettings = {
				ALWAYS_EMBED_SWIFT_STANDARD_LIBRARIES = YES;
				CODE_SIGN_STYLE = Automatic;
				CURRENT_PROJECT_VERSION = 1;
				DEVELOPMENT_TEAM = 8679UHV3QL;
				GENERATE_INFOPLIST_FILE = YES;
				MARKETING_VERSION = 1.0;
				PRODUCT_BUNDLE_IDENTIFIER = ilaydaKodal.com.MovieDBUITests;
				PRODUCT_NAME = "$(TARGET_NAME)";
				SWIFT_EMIT_LOC_STRINGS = NO;
				SWIFT_VERSION = 5.0;
				TARGETED_DEVICE_FAMILY = "1,2";
				TEST_TARGET_NAME = MovieDB;
			};
			name = Debug;
		};
		88660DBF2A3AFDE50029819C /* Release */ = {
			isa = XCBuildConfiguration;
			buildSettings = {
				ALWAYS_EMBED_SWIFT_STANDARD_LIBRARIES = YES;
				CODE_SIGN_STYLE = Automatic;
				CURRENT_PROJECT_VERSION = 1;
				DEVELOPMENT_TEAM = 8679UHV3QL;
				GENERATE_INFOPLIST_FILE = YES;
				MARKETING_VERSION = 1.0;
				PRODUCT_BUNDLE_IDENTIFIER = ilaydaKodal.com.MovieDBUITests;
				PRODUCT_NAME = "$(TARGET_NAME)";
				SWIFT_EMIT_LOC_STRINGS = NO;
				SWIFT_VERSION = 5.0;
				TARGETED_DEVICE_FAMILY = "1,2";
				TEST_TARGET_NAME = MovieDB;
			};
			name = Release;
		};
/* End XCBuildConfiguration section */

/* Begin XCConfigurationList section */
		88660D882A3AFDE40029819C /* Build configuration list for PBXProject "MovieDB" */ = {
			isa = XCConfigurationList;
			buildConfigurations = (
				88660DB52A3AFDE50029819C /* Debug */,
				88660DB62A3AFDE50029819C /* Release */,
			);
			defaultConfigurationIsVisible = 0;
			defaultConfigurationName = Release;
		};
		88660DB72A3AFDE50029819C /* Build configuration list for PBXNativeTarget "MovieDB" */ = {
			isa = XCConfigurationList;
			buildConfigurations = (
				88660DB82A3AFDE50029819C /* Debug */,
				88660DB92A3AFDE50029819C /* Release */,
			);
			defaultConfigurationIsVisible = 0;
			defaultConfigurationName = Release;
		};
		88660DBA2A3AFDE50029819C /* Build configuration list for PBXNativeTarget "MovieDBTests" */ = {
			isa = XCConfigurationList;
			buildConfigurations = (
				88660DBB2A3AFDE50029819C /* Debug */,
				88660DBC2A3AFDE50029819C /* Release */,
			);
			defaultConfigurationIsVisible = 0;
			defaultConfigurationName = Release;
		};
		88660DBD2A3AFDE50029819C /* Build configuration list for PBXNativeTarget "MovieDBUITests" */ = {
			isa = XCConfigurationList;
			buildConfigurations = (
				88660DBE2A3AFDE50029819C /* Debug */,
				88660DBF2A3AFDE50029819C /* Release */,
			);
			defaultConfigurationIsVisible = 0;
			defaultConfigurationName = Release;
		};
/* End XCConfigurationList section */

/* Begin XCRemoteSwiftPackageReference section */
		88D649D12A3B13F50031AD55 /* XCRemoteSwiftPackageReference "SnapKit" */ = {
			isa = XCRemoteSwiftPackageReference;
			repositoryURL = "https://github.com/SnapKit/SnapKit.git";
			requirement = {
				kind = upToNextMajorVersion;
				minimumVersion = 5.0.0;
			};
		};
/* End XCRemoteSwiftPackageReference section */

/* Begin XCSwiftPackageProductDependency section */
		88D649D22A3B13F50031AD55 /* SnapKit */ = {
			isa = XCSwiftPackageProductDependency;
			package = 88D649D12A3B13F50031AD55 /* XCRemoteSwiftPackageReference "SnapKit" */;
			productName = SnapKit;
		};
/* End XCSwiftPackageProductDependency section */
	};
	rootObject = 88660D852A3AFDE40029819C /* Project object */;
}
